
Microsoft Visual Studio Solution File, Format Version 12.00
# Visual Studio Version 16
VisualStudioVersion = 16.0.32126.315
MinimumVisualStudioVersion = 10.0.40219.1
Project("{FAE04EC0-301F-11D3-BF4B-00C04F79EFBC}") = "calculator", "calculator.csproj", "{1FF1C192-5883-40A8-9B23-D1C51CE75657}"
EndProject
Global
	GlobalSection(SolutionConfigurationPlatforms) = preSolution
		Debug|Any CPU = Debug|Any CPU
		Release|Any CPU = Release|Any CPU
	EndGlobalSection
	GlobalSection(ProjectConfigurationPlatforms) = postSolution
		{1FF1C192-5883-40A8-9B23-D1C51CE75657}.Debug|Any CPU.ActiveCfg = Debug|Any CPU
		{1FF1C192-5883-40A8-9B23-D1C51CE75657}.Debug|Any CPU.Build.0 = Debug|Any CPU
		{1FF1C192-5883-40A8-9B23-D1C51CE75657}.Release|Any CPU.ActiveCfg = Release|Any CPU
		{1FF1C192-5883-40A8-9B23-D1C51CE75657}.Release|Any CPU.Build.0 = Release|Any CPU
	EndGlobalSection
	GlobalSection(SolutionProperties) = preSolution
		HideSolutionNode = FALSE
	EndGlobalSection
	GlobalSection(ExtensibilityGlobals) = postSolution
		SolutionGuid = {01DA6ABE-765F-432B-B711-C788DA357823}
	EndGlobalSection
EndGlobal
